hash: 6356daa1435b00b6aeabb357d17a7217fab61a3bd7ae7af9eb47c7ca0500b631
updated: 2020-05-07T08:59:47.973819152+10:00
imports:
- name: github.com/buger/goterm
  version: cc3942e537b1ab00de92d348c40acbfa6565d20f
- name: github.com/godbus/dbus
  version: daa017464e266380cdeb4e6f9613eba9182b59a3
  subpackages:
  - introspect
  - v5
- name: github.com/kardianos/osext
  version: c2c54e542fb797ad986b31721e1baedf214ca413
- name: github.com/paulrademacher/climenu
  version: a1afbb4e378bf580e7d6bddd826e44e8f64347a1
- name: github.com/pkg/term
  version: b1f72af2d63057363398bec5873d16a98b453312
  subpackages:
  - termios
- name: golang.org/x/sys
  version: d75a52659825e75fff6158388dddc6a5b04f9ba5
  subpackages:
  - unix
testImports: []
