hash: 0c65b3581f4f0ed0f3c044adf385a0b4940c76ae4d628e797de54346e9eeb185
updated: 2020-05-07T08:59:47.973819152+10:00
imports:
- name: github.com/buger/goterm
  version: cc3942e537b1ab00de92d348c40acbfa6565d20f
- name: github.com/godbus/dbus
  version: 37bf87eef99d69c4f1d3528bd66e3a87dc201472
  subpackages:
  - introspect
- name: github.com/kardianos/osext
  version: c2c54e542fb797ad986b31721e1baedf214ca413
- name: github.com/paulrademacher/climenu
  version: a1afbb4e378bf580e7d6bddd826e44e8f64347a1
- name: github.com/pkg/term
  version: b1f72af2d63057363398bec5873d16a98b453312
  subpackages:
  - termios
- name: golang.org/x/sys
  version: d75a52659825e75fff6158388dddc6a5b04f9ba5
  subpackages:
  - unix
testImports: []
